
Microsoft Visual Studio Solution File, Format Version 12.00
# Visual Studio Version 16
VisualStudioVersion = 16.0.29201.188
MinimumVisualStudioVersion = 10.0.40219.1
Project("{FAE04EC0-301F-11D3-BF4B-00C04F79EFBC}") = "Simulateur_CEOG", "Simulateur_CEOG.csproj", "{8774968E-2F20-4CA7-A70B-F18A7552F0AA}"
EndProject
Global
	GlobalSection(SolutionConfigurationPlatforms) = preSolution
		Debug|Any CPU = Debug|Any CPU
		Release|Any CPU = Release|Any CPU
	EndGlobalSection
	GlobalSection(ProjectConfigurationPlatforms) = postSolution
		{8774968E-2F20-4CA7-A70B-F18A7552F0AA}.Debug|Any CPU.ActiveCfg = Debug|Any CPU
		{8774968E-2F20-4CA7-A70B-F18A7552F0AA}.Debug|Any CPU.Build.0 = Debug|Any CPU
		{8774968E-2F20-4CA7-A70B-F18A7552F0AA}.Release|Any CPU.ActiveCfg = Release|Any CPU
		{8774968E-2F20-4CA7-A70B-F18A7552F0AA}.Release|Any CPU.Build.0 = Release|Any CPU
	EndGlobalSection
	GlobalSection(SolutionProperties) = preSolution
		HideSolutionNode = FALSE
	EndGlobalSection
	GlobalSection(ExtensibilityGlobals) = postSolution
		SolutionGuid = {A0756F71-14DE-4B91-BD1B-DC9E55854FC5}
	EndGlobalSection
EndGlobal
